
Microsoft Visual Studio Solution File, Format Version 12.00
# Visual Studio 15
VisualStudioVersion = 15.0.27130.2010
MinimumVisualStudioVersion = 10.0.40219.1
Project("{FAE04EC0-301F-11D3-BF4B-00C04F79EFBC}") = "FluentValidationPOC", "FluentValidationPOC.csproj", "{46A3C22F-3FB5-452F-A94A-2E403BCE72D7}"
EndProject
Global
	GlobalSection(SolutionConfigurationPlatforms) = preSolution
		Debug|Any CPU = Debug|Any CPU
		Release|Any CPU = Release|Any CPU
	EndGlobalSection
	GlobalSection(ProjectConfigurationPlatforms) = postSolution
		{46A3C22F-3FB5-452F-A94A-2E403BCE72D7}.Debug|Any CPU.ActiveCfg = Debug|Any CPU
		{46A3C22F-3FB5-452F-A94A-2E403BCE72D7}.Debug|Any CPU.Build.0 = Debug|Any CPU
		{46A3C22F-3FB5-452F-A94A-2E403BCE72D7}.Release|Any CPU.ActiveCfg = Release|Any CPU
		{46A3C22F-3FB5-452F-A94A-2E403BCE72D7}.Release|Any CPU.Build.0 = Release|Any CPU
	EndGlobalSection
	GlobalSection(SolutionProperties) = preSolution
		HideSolutionNode = FALSE
	EndGlobalSection
	GlobalSection(ExtensibilityGlobals) = postSolution
		SolutionGuid = {760C376B-29A4-47D9-A627-40258E043756}
	EndGlobalSection
EndGlobal
